# This file is automatically @generated by Cargo.
# It is not intended for manual editing.
version = 3

[[package]]
name = "ahash"
version = "0.8.11"
source = "registry+https://github.com/rust-lang/crates.io-index"
checksum = "e89da841a80418a9b391ebaea17f5c112ffaaa96f621d2c285b5174da76b9011"
dependencies = [
 "cfg-if",
 "once_cell",
 "version_check",
 "zerocopy",
]

[[package]]
name = "allocator-api2"
version = "0.2.18"
source = "registry+https://github.com/rust-lang/crates.io-index"
checksum = "5c6cb57a04249c6480766f7f7cef5467412af1490f8d1e243141daddada3264f"

[[package]]
name = "arch"
version = "0.1.0"
dependencies = [
 "bit_field",
 "bitflags",
 "config",
 "log",
 "riscv",
 "sbi-rt",
 "spin",
]

[[package]]
name = "async-task"
version = "4.7.0"
source = "registry+https://github.com/rust-lang/crates.io-index"
checksum = "fbb36e985947064623dbd357f727af08ffd077f93d696782f3c56365fa2e2799"

[[package]]
name = "async-trait"
version = "0.1.80"
source = "registry+https://github.com/rust-lang/crates.io-index"
checksum = "c6fa2087f2753a7da8cc1c0dbfcf89579dd57458e36769de5ac750b4671737ca"
dependencies = [
 "proc-macro2",
 "quote",
 "syn",
]

[[package]]
name = "async_utils"
version = "0.1.0"
dependencies = [
 "log",
]

[[package]]
name = "autocfg"
version = "1.2.0"
source = "registry+https://github.com/rust-lang/crates.io-index"
checksum = "f1fdabc7756949593fe60f30ec81974b613357de856987752631dea1e3394c80"

[[package]]
name = "bit_field"
version = "0.10.2"
source = "registry+https://github.com/rust-lang/crates.io-index"
checksum = "dc827186963e592360843fb5ba4b973e145841266c1357f7180c43526f2e5b61"

[[package]]
name = "bitflags"
version = "2.5.0"
source = "registry+https://github.com/rust-lang/crates.io-index"
checksum = "cf4b9d6a944f767f8e5e0db018570623c85f3d925ac718db4e06d0187adb21c1"

[[package]]
name = "bitmap-allocator"
version = "0.1.0"
source = "git+https://github.com/rcore-os/bitmap-allocator#88e871a54f28a3d6795478f237466b3332e2fb1d"
dependencies = [
 "bit_field",
]

[[package]]
name = "buddy_system_allocator"
version = "0.9.1"
source = "registry+https://github.com/rust-lang/crates.io-index"
checksum = "d44d578cadd17312c75e7d0ef489361f160ace58f7139aa32001fee1a51b89b5"
dependencies = [
 "spin",
]

[[package]]
name = "byteorder"
version = "1.5.0"
source = "registry+https://github.com/rust-lang/crates.io-index"
checksum = "1fd0f2584146f6f2ef48085050886acf353beff7305ebd1ae69500e27c67f64b"

[[package]]
name = "cfg-if"
version = "1.0.0"
source = "registry+https://github.com/rust-lang/crates.io-index"
checksum = "baf1de4339761588bc0619e3cbc0120ee582ebb74b53b4efbf79117bd2da40fd"

[[package]]
name = "config"
version = "0.1.0"

[[package]]
name = "crate_interface"
version = "0.1.1"
source = "registry+https://github.com/rust-lang/crates.io-index"
checksum = "d54b79db793871881b52a1eb5dc6fd869743122e34795f12db8e183dcb6a4f28"
dependencies = [
 "proc-macro2",
 "quote",
 "syn",
]

[[package]]
name = "critical-section"
version = "1.1.2"
source = "registry+https://github.com/rust-lang/crates.io-index"
checksum = "7059fff8937831a9ae6f0fe4d658ffabf58f2ca96aa9dec1c889f936f705f216"

[[package]]
name = "crossbeam-queue"
version = "0.3.11"
source = "registry+https://github.com/rust-lang/crates.io-index"
checksum = "df0346b5d5e76ac2fe4e327c5fd1118d6be7c51dfb18f9b7922923f287471e35"
dependencies = [
 "crossbeam-utils",
]

[[package]]
name = "crossbeam-utils"
version = "0.8.19"
source = "registry+https://github.com/rust-lang/crates.io-index"
checksum = "248e3bacc7dc6baa3b21e405ee045c3047101a49145e7e9eca583ab4c2ca5345"

[[package]]
name = "downcast-rs"
version = "1.2.1"
source = "registry+https://github.com/rust-lang/crates.io-index"
checksum = "75b325c5dbd37f80359721ad39aca5a29fb04c89279657cffdda8736d0c0b9d2"

[[package]]
name = "driver"
version = "0.1.0"
dependencies = [
 "arch",
 "config",
 "log",
 "memory",
 "spin",
 "sync",
 "systype",
 "virtio-drivers",
]

[[package]]
name = "embedded-hal"
version = "1.0.0"
source = "registry+https://github.com/rust-lang/crates.io-index"
checksum = "361a90feb7004eca4019fb28352a9465666b24f840f5c3cddf0ff13920590b89"

[[package]]
name = "executor"
version = "0.1.0"
dependencies = [
 "async-task",
 "sync",
]

[[package]]
name = "fat32"
version = "0.1.0"
dependencies = [
 "async-trait",
 "downcast-rs",
 "driver",
 "fatfs",
 "log",
 "sync",
 "systype",
 "vfs-core",
]

[[package]]
name = "fatfs"
version = "0.4.0"
source = "git+https://github.com/ChenRuiwei/rust-fatfs#35a9dd0363257fd855c111cb95eb04f751f14760"
dependencies = [
 "bitflags",
 "log",
 "spin",
]

[[package]]
name = "hashbrown"
version = "0.14.3"
source = "registry+https://github.com/rust-lang/crates.io-index"
checksum = "290f1a1d9242c78d09ce40a5e87e7554ee637af1351968159f4952f028f75604"
dependencies = [
 "ahash",
 "allocator-api2",
]

[[package]]
name = "kernel"
version = "0.1.0"
dependencies = [
 "arch",
 "async_utils",
 "bit_field",
 "bitflags",
 "buddy_system_allocator",
 "cfg-if",
 "config",
 "crate_interface",
 "driver",
 "executor",
 "hashbrown",
 "log",
 "logging",
 "memory",
 "paste",
 "recycle_allocator",
 "riscv",
 "signal",
 "spin",
 "sync",
 "systype",
 "time",
 "timer",
 "vfs",
 "vfs-core",
 "virtio-drivers",
 "xmas-elf",
]

[[package]]
name = "linked_list_allocator"
version = "0.10.5"
source = "registry+https://github.com/rust-lang/crates.io-index"
checksum = "9afa463f5405ee81cdb9cc2baf37e08ec7e4c8209442b5d72c04cfb2cd6e6286"
dependencies = [
 "spinning_top",
]

[[package]]
name = "lock_api"
version = "0.4.11"
source = "registry+https://github.com/rust-lang/crates.io-index"
checksum = "3c168f8615b12bc01f9c17e2eb0cc07dcae1940121185446edc3744920e8ef45"
dependencies = [
 "autocfg",
 "scopeguard",
]

[[package]]
name = "log"
version = "0.4.21"
source = "registry+https://github.com/rust-lang/crates.io-index"
checksum = "90ed8c1e510134f979dbc4f070f87d4313098b704861a105fe34231c70a3901c"

[[package]]
name = "logging"
version = "0.1.0"
dependencies = [
 "crate_interface",
 "log",
]

[[package]]
name = "memory"
version = "0.1.0"
dependencies = [
 "bitflags",
 "bitmap-allocator",
 "buddy_system_allocator",
 "config",
 "linked_list_allocator",
 "log",
 "riscv",
 "spin",
 "sync",
]

[[package]]
name = "once_cell"
version = "1.19.0"
source = "registry+https://github.com/rust-lang/crates.io-index"
checksum = "3fdb12b2476b595f9358c5161aa467c2438859caa136dec86c26fdd2efe17b92"

[[package]]
name = "paste"
version = "1.0.14"
source = "registry+https://github.com/rust-lang/crates.io-index"
checksum = "de3145af08024dea9fa9914f381a17b8fc6034dfb00f3a84013f7ff43f29ed4c"

[[package]]
name = "proc-macro2"
version = "1.0.81"
source = "registry+https://github.com/rust-lang/crates.io-index"
checksum = "3d1597b0c024618f09a9c3b8655b7e430397a36d23fdafec26d6965e9eec3eba"
dependencies = [
 "unicode-ident",
]

[[package]]
name = "quote"
version = "1.0.36"
source = "registry+https://github.com/rust-lang/crates.io-index"
checksum = "0fa76aaf39101c457836aec0ce2316dbdc3ab723cdda1c6bd4e6ad4208acaca7"
dependencies = [
 "proc-macro2",
]

[[package]]
name = "recycle_allocator"
version = "0.1.0"

[[package]]
name = "ringbuffer"
version = "0.15.0"
source = "registry+https://github.com/rust-lang/crates.io-index"
checksum = "3df6368f71f205ff9c33c076d170dd56ebf68e8161c733c0caa07a7a5509ed53"

[[package]]
name = "riscv"
version = "0.11.1"
source = "registry+https://github.com/rust-lang/crates.io-index"
checksum = "2f5c1b8bf41ea746266cdee443d1d1e9125c86ce1447e1a2615abd34330d33a9"
dependencies = [
 "critical-section",
 "embedded-hal",
]

[[package]]
name = "sbi-rt"
version = "0.0.3"
source = "registry+https://github.com/rust-lang/crates.io-index"
checksum = "7fbaa69be1eedc61c426e6d489b2260482e928b465360576900d52d496a58bd0"
dependencies = [
 "sbi-spec",
]

[[package]]
name = "sbi-spec"
version = "0.0.7"
source = "registry+https://github.com/rust-lang/crates.io-index"
checksum = "e6e36312fb5ddc10d08ecdc65187402baba4ac34585cb9d1b78522ae2358d890"

[[package]]
name = "scopeguard"
version = "1.2.0"
source = "registry+https://github.com/rust-lang/crates.io-index"
checksum = "94143f37725109f92c262ed2cf5e59bce7498c01bcc1502d7b9afe439a4e9f49"

[[package]]
name = "signal"
version = "0.1.0"
dependencies = [
 "bitflags",
 "crossbeam-queue",
 "log",
 "memory",
]

[[package]]
name = "spin"
version = "0.9.8"
source = "registry+https://github.com/rust-lang/crates.io-index"
checksum = "6980e8d7511241f8acf4aebddbb1ff938df5eebe98691418c4468d0b72a96a67"
dependencies = [
 "lock_api",
]

[[package]]
name = "spinning_top"
version = "0.2.5"
source = "registry+https://github.com/rust-lang/crates.io-index"
checksum = "5b9eb1a2f4c41445a3a0ff9abc5221c5fcd28e1f13cd7c0397706f9ac938ddb0"
dependencies = [
 "lock_api",
]

[[package]]
name = "syn"
version = "2.0.60"
source = "registry+https://github.com/rust-lang/crates.io-index"
checksum = "909518bc7b1c9b779f1bbf07f2929d35af9f0f37e47c6e9ef7f9dddc1e1821f3"
dependencies = [
 "proc-macro2",
 "quote",
 "unicode-ident",
]

[[package]]
name = "sync"
version = "0.1.0"
dependencies = [
 "async_utils",
 "bitflags",
 "log",
 "riscv",
]

[[package]]
name = "systype"
version = "0.1.0"

[[package]]
name = "time"
version = "0.1.0"
dependencies = [
 "arch",
]

[[package]]
name = "timer"
version = "0.1.0"
dependencies = [
 "arch",
 "log",
 "spin",
 "sync",
 "time",
]

[[package]]
name = "unicode-ident"
version = "1.0.12"
source = "registry+https://github.com/rust-lang/crates.io-index"
checksum = "3354b9ac3fae1ff6755cb6db53683adb661634f67557942dea4facebec0fee4b"

[[package]]
name = "user_lib"
version = "0.1.0"
dependencies = [
 "bitflags",
 "buddy_system_allocator",
 "signal",
 "time",
]

[[package]]
name = "version_check"
version = "0.9.4"
source = "registry+https://github.com/rust-lang/crates.io-index"
checksum = "49874b5167b65d7193b8aba1567f5c7d93d001cafc34600cee003eda787e483f"

[[package]]
name = "vfs"
version = "0.1.0"
dependencies = [
 "async-trait",
 "async_utils",
 "config",
 "driver",
 "fat32",
 "log",
 "ringbuffer",
 "spin",
 "sync",
 "systype",
 "vfs-core",
]

[[package]]
name = "vfs-core"
version = "0.1.0"
dependencies = [
 "async-trait",
 "bitflags",
 "config",
 "downcast-rs",
 "driver",
 "log",
 "spin",
 "sync",
 "systype",
]

[[package]]
name = "virtio-drivers"
version = "0.7.1"
source = "registry+https://github.com/rust-lang/crates.io-index"
checksum = "f4fd50c69dad27f9d266e42be17da981cd507d6cd47077558a81c25169431392"
dependencies = [
 "bitflags",
 "log",
 "zerocopy",
]

[[package]]
name = "xmas-elf"
version = "0.9.1"
source = "registry+https://github.com/rust-lang/crates.io-index"
checksum = "42c49817e78342f7f30a181573d82ff55b88a35f86ccaf07fc64b3008f56d1c6"
dependencies = [
 "zero",
]

[[package]]
name = "zero"
version = "0.1.3"
source = "registry+https://github.com/rust-lang/crates.io-index"
checksum = "2fe21bcc34ca7fe6dd56cc2cb1261ea59d6b93620215aefb5ea6032265527784"

[[package]]
name = "zerocopy"
version = "0.7.32"
source = "registry+https://github.com/rust-lang/crates.io-index"
checksum = "74d4d3961e53fa4c9a25a8637fc2bfaf2595b3d3ae34875568a5cf64787716be"
dependencies = [
 "byteorder",
 "zerocopy-derive",
]

[[package]]
name = "zerocopy-derive"
version = "0.7.32"
source = "registry+https://github.com/rust-lang/crates.io-index"
checksum = "9ce1b18ccd8e73a9321186f97e46f9f04b778851177567b1975109d26a08d2a6"
dependencies = [
 "proc-macro2",
 "quote",
 "syn",
]
